Microsoft Visual Studio Solution File, Format Version 12.00
# Visual Studio Version 17
VisualStudioVersion = 17.5.2.0
MinimumVisualStudioVersion = 10.0.40219.1
Project("{2150E333-8FDC-42A3-9474-1A3956D46DE8}") = "user-service", "user-service", "{6CE124D1-5A86-E753-8579-3C0287836B7C}"
EndProject
Project("{2150E333-8FDC-42A3-9474-1A3956D46DE8}") = "src", "src", "{B14F34C9-FEB5-4AE8-9B19-A3A3F446EE43}"
EndProject
Project("{FAE04EC0-301F-11D3-BF4B-00C04F79EFBC}") = "UserService", "user-service\src\UserService\UserService.csproj", "{30D9E4A6-EAC8-D990-0D38-878D51D8D462}"
EndProject
Global
	GlobalSection(SolutionConfigurationPlatforms) = preSolution
		Debug|Any CPU = Debug|Any CPU
		Release|Any CPU = Release|Any CPU
	EndGlobalSection
	GlobalSection(ProjectConfigurationPlatforms) = postSolution
		{30D9E4A6-EAC8-D990-0D38-878D51D8D462}.Debug|Any CPU.ActiveCfg = Debug|Any CPU
		{30D9E4A6-EAC8-D990-0D38-878D51D8D462}.Debug|Any CPU.Build.0 = Debug|Any CPU
		{30D9E4A6-EAC8-D990-0D38-878D51D8D462}.Release|Any CPU.ActiveCfg = Release|Any CPU
		{30D9E4A6-EAC8-D990-0D38-878D51D8D462}.Release|Any CPU.Build.0 = Release|Any CPU
	EndGlobalSection
	GlobalSection(SolutionProperties) = preSolution
		HideSolutionNode = FALSE
	EndGlobalSection
	GlobalSection(NestedProjects) = preSolution
		{B14F34C9-FEB5-4AE8-9B19-A3A3F446EE43} = {6CE124D1-5A86-E753-8579-3C0287836B7C}
		{30D9E4A6-EAC8-D990-0D38-878D51D8D462} = {B14F34C9-FEB5-4AE8-9B19-A3A3F446EE43}
	EndGlobalSection
	GlobalSection(ExtensibilityGlobals) = postSolution
		SolutionGuid = {482F3FFA-4E39-435A-AFBD-2309951F856C}
	EndGlobalSection
EndGlobal
